
Microsoft Visual Studio Solution File, Format Version 12.00
# Visual Studio Version 17
VisualStudioVersion = 17.5.33424.131
MinimumVisualStudioVersion = 15.0.26124.0
Project("{9A19103F-16F7-4668-BE54-9A1E7A4F7556}") = "Libplanet.Headless", "Libplanet.Headless\Libplanet.Headless.csproj", "{BDC8F7BD-DBF8-42A4-B3A3-7FD2D4695E4A}"
EndProject
Project("{9A19103F-16F7-4668-BE54-9A1E7A4F7556}") = "Libplanet.Headless.Tests", "Libplanet.Headless.Tests\Libplanet.Headless.Tests.csproj", "{0B82AB6A-32B1-4F76-B965-B56B052057D4}"
EndProject
Project("{9A19103F-16F7-4668-BE54-9A1E7A4F7556}") = "NineChronicles.Headless", "NineChronicles.Headless\NineChronicles.Headless.csproj", "{AE6FE611-BB8E-4E85-8623-34608EC868CD}"
EndProject
Project("{9A19103F-16F7-4668-BE54-9A1E7A4F7556}") = "NineChronicles.Headless.Executable", "NineChronicles.Headless.Executable\NineChronicles.Headless.Executable.csproj", "{81584733-D9C7-4D83-ABBF-0B289A26E807}"
EndProject
Project("{9A19103F-16F7-4668-BE54-9A1E7A4F7556}") = "NineChronicles.Headless.Tests", "NineChronicles.Headless.Tests\NineChronicles.Headless.Tests.csproj", "{E94B6815-2661-4C72-A7EE-051066009375}"
EndProject
Project("{9A19103F-16F7-4668-BE54-9A1E7A4F7556}") = "Lib9c", "Lib9c\Lib9c\Lib9c.csproj", "{71CBCF83-FE87-4D84-A20C-FD328855E445}"
EndProject
Project("{9A19103F-16F7-4668-BE54-9A1E7A4F7556}") = "NineChronicles.RPC.Shared", "NineChronicles.RPC.Shared\NineChronicles.RPC.Shared\NineChronicles.RPC.Shared.csproj", "{106573F6-F9C1-41B7-8F02-40E76F177C24}"
EndProject
Project("{9A19103F-16F7-4668-BE54-9A1E7A4F7556}") = "NineChronicles.Headless.Executable.Tests", "NineChronicles.Headless.Executable.Tests\NineChronicles.Headless.Executable.Tests.csproj", "{6E38A2CF-B93F-4CD5-9CAC-DE121998FF18}"
EndProject
Project("{2150E333-8FDC-42A3-9474-1A3956D46DE8}") = "Solution Items", "Solution Items", "{4D8FC180-CD64-4774-B9BF-BF290C01BB1A}"
	ProjectSection(SolutionItems) = preProject
		.editorconfig = .editorconfig
	EndProjectSection
EndProject
Project("{9A19103F-16F7-4668-BE54-9A1E7A4F7556}") = "Lib9c.DevExtensions", "Lib9c\Lib9c.DevExtensions\Lib9c.DevExtensions.csproj", "{8411BF58-22E7-4174-AEE6-7332FE690906}"
EndProject
Project("{9A19103F-16F7-4668-BE54-9A1E7A4F7556}") = "Lib9c.MessagePack", "Lib9c\Lib9c.MessagePack\Lib9c.MessagePack.csproj", "{A9513460-EE7A-455F-A823-5005DB6BA8FC}"
EndProject
Project("{9A19103F-16F7-4668-BE54-9A1E7A4F7556}") = "Libplanet.Crypto.Secp256k1", "Lib9c\Libplanet.Crypto.Secp256k1\Libplanet.Crypto.Secp256k1.csproj", "{84EBA886-FAD6-4167-9857-36BA1B394EBB}"
EndProject
Project("{9A19103F-16F7-4668-BE54-9A1E7A4F7556}") = "Lib9c.Proposer", "Lib9c\Lib9c.Proposer\Lib9c.Proposer.csproj", "{33153A15-DFDD-4BD4-BB9A-6347DD94A658}"
EndProject
Project("{9A19103F-16F7-4668-BE54-9A1E7A4F7556}") = "Lib9c.Abstractions", "Lib9c\Lib9c.Abstractions\Lib9c.Abstractions.csproj", "{6502EAB1-7BC3-4831-B93A-56E71DAACEF9}"
EndProject
Project("{9A19103F-16F7-4668-BE54-9A1E7A4F7556}") = "Lib9c.Renderers", "Lib9c\Lib9c.Renderers\Lib9c.Renderers.csproj", "{B925884A-4047-44F8-AD26-8EB3F99698F4}"
EndProject
Project("{9A19103F-16F7-4668-BE54-9A1E7A4F7556}") = "Lib9c.Policy", "Lib9c\Lib9c.Policy\Lib9c.Policy.csproj", "{E3DF93DC-A92C-4B1D-AB06-7BB175B0A0B7}"
EndProject
Project("{9A19103F-16F7-4668-BE54-9A1E7A4F7556}") = "Lib9c.Utils", "Lib9c\Lib9c.Utils\Lib9c.Utils.csproj", "{4A0DBDF4-EC22-401A-974E-2EE74D2648C6}"
EndProject
Project("{9A19103F-16F7-4668-BE54-9A1E7A4F7556}") = "Libplanet.Extensions.ForkableActionEvaluator", "Libplanet.Extensions.ForkableActionEvaluator\Libplanet.Extensions.ForkableActionEvaluator.csproj", "{8DBD6B71-1863-417A-8569-269300733496}"
EndProject
Project("{9A19103F-16F7-4668-BE54-9A1E7A4F7556}") = "Libplanet.Extensions.ForkableActionEvaluator.Tests", "Libplanet.Extensions.ForkableActionEvaluator.Tests\Libplanet.Extensions.ForkableActionEvaluator.Tests.csproj", "{490D20B6-FC0C-4459-8412-17777DB95931}"
EndProject
Project("{9A19103F-16F7-4668-BE54-9A1E7A4F7556}") = "NineChronicles.Headless.AccessControlCenter", "NineChronicles.Headless.AccessControlCenter\NineChronicles.Headless.AccessControlCenter.csproj", "{162C0F4B-A1D9-4132-BC34-31F1247BC26B}"
EndProject
Project("{9A19103F-16F7-4668-BE54-9A1E7A4F7556}") = "Libplanet.Extensions.PluggedActionEvaluator", "Libplanet.Extensions.PluggedActionEvaluator\Libplanet.Extensions.PluggedActionEvaluator.csproj", "{DE91C36D-3999-47B6-A0BD-848C8EBA2A76}"
EndProject
Project("{9A19103F-16F7-4668-BE54-9A1E7A4F7556}") = "Lib9c.Plugin.Shared", "Lib9c\.Lib9c.Plugin.Shared\Lib9c.Plugin.Shared.csproj", "{3D32DA34-E619-429F-8421-848FF4F14417}"
EndProject
Project("{9A19103F-16F7-4668-BE54-9A1E7A4F7556}") = "Lib9c.ActionEvaluatorCommonComponents", "Lib9c\.Lib9c.ActionEvaluatorCommonComponents\Lib9c.ActionEvaluatorCommonComponents.csproj", "{0F29AB64-E2A9-4B32-96E9-291D47294A94}"
EndProject
Global
	GlobalSection(SolutionConfigurationPlatforms) = preSolution
		Debug|Any CPU = Debug|Any CPU
		Debug|x64 = Debug|x64
		Debug|x86 = Debug|x86
		DevEx|Any CPU = DevEx|Any CPU
		DevEx|x64 = DevEx|x64
		DevEx|x86 = DevEx|x86
		Release|Any CPU = Release|Any CPU
		Release|x64 = Release|x64
		Release|x86 = Release|x86
	EndGlobalSection
	GlobalSection(ProjectConfigurationPlatforms) = postSolution
		{BDC8F7BD-DBF8-42A4-B3A3-7FD2D4695E4A}.Debug|Any CPU.ActiveCfg = Debug|Any CPU
		{BDC8F7BD-DBF8-42A4-B3A3-7FD2D4695E4A}.Debug|Any CPU.Build.0 = Debug|Any CPU
		{BDC8F7BD-DBF8-42A4-B3A3-7FD2D4695E4A}.Debug|x64.ActiveCfg = Debug|Any CPU
		{BDC8F7BD-DBF8-42A4-B3A3-7FD2D4695E4A}.Debug|x64.Build.0 = Debug|Any CPU
		{BDC8F7BD-DBF8-42A4-B3A3-7FD2D4695E4A}.Debug|x86.ActiveCfg = Debug|Any CPU
		{BDC8F7BD-DBF8-42A4-B3A3-7FD2D4695E4A}.Debug|x86.Build.0 = Debug|Any CPU
		{BDC8F7BD-DBF8-42A4-B3A3-7FD2D4695E4A}.DevEx|Any CPU.ActiveCfg = Debug|Any CPU
		{BDC8F7BD-DBF8-42A4-B3A3-7FD2D4695E4A}.DevEx|Any CPU.Build.0 = Debug|Any CPU
		{BDC8F7BD-DBF8-42A4-B3A3-7FD2D4695E4A}.DevEx|x64.ActiveCfg = Debug|Any CPU
		{BDC8F7BD-DBF8-42A4-B3A3-7FD2D4695E4A}.DevEx|x64.Build.0 = Debug|Any CPU
		{BDC8F7BD-DBF8-42A4-B3A3-7FD2D4695E4A}.DevEx|x86.ActiveCfg = Debug|Any CPU
		{BDC8F7BD-DBF8-42A4-B3A3-7FD2D4695E4A}.DevEx|x86.Build.0 = Debug|Any CPU
		{BDC8F7BD-DBF8-42A4-B3A3-7FD2D4695E4A}.Release|Any CPU.ActiveCfg = Release|Any CPU
		{BDC8F7BD-DBF8-42A4-B3A3-7FD2D4695E4A}.Release|Any CPU.Build.0 = Release|Any CPU
		{BDC8F7BD-DBF8-42A4-B3A3-7FD2D4695E4A}.Release|x64.ActiveCfg = Release|Any CPU
		{BDC8F7BD-DBF8-42A4-B3A3-7FD2D4695E4A}.Release|x64.Build.0 = Release|Any CPU
		{BDC8F7BD-DBF8-42A4-B3A3-7FD2D4695E4A}.Release|x86.ActiveCfg = Release|Any CPU
		{BDC8F7BD-DBF8-42A4-B3A3-7FD2D4695E4A}.Release|x86.Build.0 = Release|Any CPU
		{0B82AB6A-32B1-4F76-B965-B56B052057D4}.Debug|Any CPU.ActiveCfg = Debug|Any CPU
		{0B82AB6A-32B1-4F76-B965-B56B052057D4}.Debug|Any CPU.Build.0 = Debug|Any CPU
		{0B82AB6A-32B1-4F76-B965-B56B052057D4}.Debug|x64.ActiveCfg = Debug|Any CPU
		{0B82AB6A-32B1-4F76-B965-B56B052057D4}.Debug|x64.Build.0 = Debug|Any CPU
		{0B82AB6A-32B1-4F76-B965-B56B052057D4}.Debug|x86.ActiveCfg = Debug|Any CPU
		{0B82AB6A-32B1-4F76-B965-B56B052057D4}.Debug|x86.Build.0 = Debug|Any CPU
		{0B82AB6A-32B1-4F76-B965-B56B052057D4}.DevEx|Any CPU.ActiveCfg = Debug|Any CPU
		{0B82AB6A-32B1-4F76-B965-B56B052057D4}.DevEx|Any CPU.Build.0 = Debug|Any CPU
		{0B82AB6A-32B1-4F76-B965-B56B052057D4}.DevEx|x64.ActiveCfg = Debug|Any CPU
		{0B82AB6A-32B1-4F76-B965-B56B052057D4}.DevEx|x64.Build.0 = Debug|Any CPU
		{0B82AB6A-32B1-4F76-B965-B56B052057D4}.DevEx|x86.ActiveCfg = Debug|Any CPU
		{0B82AB6A-32B1-4F76-B965-B56B052057D4}.DevEx|x86.Build.0 = Debug|Any CPU
		{0B82AB6A-32B1-4F76-B965-B56B052057D4}.Release|Any CPU.ActiveCfg = Release|Any CPU
		{0B82AB6A-32B1-4F76-B965-B56B052057D4}.Release|Any CPU.Build.0 = Release|Any CPU
		{0B82AB6A-32B1-4F76-B965-B56B052057D4}.Release|x64.ActiveCfg = Release|Any CPU
		{0B82AB6A-32B1-4F76-B965-B56B052057D4}.Release|x64.Build.0 = Release|Any CPU
		{0B82AB6A-32B1-4F76-B965-B56B052057D4}.Release|x86.ActiveCfg = Release|Any CPU
		{0B82AB6A-32B1-4F76-B965-B56B052057D4}.Release|x86.Build.0 = Release|Any CPU
		{AE6FE611-BB8E-4E85-8623-34608EC868CD}.Debug|Any CPU.ActiveCfg = Debug|Any CPU
		{AE6FE611-BB8E-4E85-8623-34608EC868CD}.Debug|Any CPU.Build.0 = Debug|Any CPU
		{AE6FE611-BB8E-4E85-8623-34608EC868CD}.Debug|x64.ActiveCfg = Debug|Any CPU
		{AE6FE611-BB8E-4E85-8623-34608EC868CD}.Debug|x64.Build.0 = Debug|Any CPU
		{AE6FE611-BB8E-4E85-8623-34608EC868CD}.Debug|x86.ActiveCfg = Debug|Any CPU
		{AE6FE611-BB8E-4E85-8623-34608EC868CD}.Debug|x86.Build.0 = Debug|Any CPU
		{AE6FE611-BB8E-4E85-8623-34608EC868CD}.DevEx|Any CPU.ActiveCfg = DevEx|Any CPU
		{AE6FE611-BB8E-4E85-8623-34608EC868CD}.DevEx|Any CPU.Build.0 = DevEx|Any CPU
		{AE6FE611-BB8E-4E85-8623-34608EC868CD}.DevEx|x64.ActiveCfg = DevEx|Any CPU
		{AE6FE611-BB8E-4E85-8623-34608EC868CD}.DevEx|x64.Build.0 = DevEx|Any CPU
		{AE6FE611-BB8E-4E85-8623-34608EC868CD}.DevEx|x86.ActiveCfg = DevEx|Any CPU
		{AE6FE611-BB8E-4E85-8623-34608EC868CD}.DevEx|x86.Build.0 = DevEx|Any CPU
		{AE6FE611-BB8E-4E85-8623-34608EC868CD}.Release|Any CPU.ActiveCfg = Release|Any CPU
		{AE6FE611-BB8E-4E85-8623-34608EC868CD}.Release|Any CPU.Build.0 = Release|Any CPU
		{AE6FE611-BB8E-4E85-8623-34608EC868CD}.Release|x64.ActiveCfg = Release|Any CPU
		{AE6FE611-BB8E-4E85-8623-34608EC868CD}.Release|x64.Build.0 = Release|Any CPU
		{AE6FE611-BB8E-4E85-8623-34608EC868CD}.Release|x86.ActiveCfg = Release|Any CPU
		{AE6FE611-BB8E-4E85-8623-34608EC868CD}.Release|x86.Build.0 = Release|Any CPU
		{81584733-D9C7-4D83-ABBF-0B289A26E807}.Debug|Any CPU.ActiveCfg = Debug|Any CPU
		{81584733-D9C7-4D83-ABBF-0B289A26E807}.Debug|Any CPU.Build.0 = Debug|Any CPU
		{81584733-D9C7-4D83-ABBF-0B289A26E807}.Debug|x64.ActiveCfg = Debug|Any CPU
		{81584733-D9C7-4D83-ABBF-0B289A26E807}.Debug|x64.Build.0 = Debug|Any CPU
		{81584733-D9C7-4D83-ABBF-0B289A26E807}.Debug|x86.ActiveCfg = Debug|Any CPU
		{81584733-D9C7-4D83-ABBF-0B289A26E807}.Debug|x86.Build.0 = Debug|Any CPU
		{81584733-D9C7-4D83-ABBF-0B289A26E807}.DevEx|Any CPU.ActiveCfg = DevEx|Any CPU
		{81584733-D9C7-4D83-ABBF-0B289A26E807}.DevEx|Any CPU.Build.0 = DevEx|Any CPU
		{81584733-D9C7-4D83-ABBF-0B289A26E807}.DevEx|x64.ActiveCfg = DevEx|Any CPU
		{81584733-D9C7-4D83-ABBF-0B289A26E807}.DevEx|x64.Build.0 = DevEx|Any CPU
		{81584733-D9C7-4D83-ABBF-0B289A26E807}.DevEx|x86.ActiveCfg = DevEx|Any CPU
		{81584733-D9C7-4D83-ABBF-0B289A26E807}.DevEx|x86.Build.0 = DevEx|Any CPU
		{81584733-D9C7-4D83-ABBF-0B289A26E807}.Release|Any CPU.ActiveCfg = Release|Any CPU
		{81584733-D9C7-4D83-ABBF-0B289A26E807}.Release|Any CPU.Build.0 = Release|Any CPU
		{81584733-D9C7-4D83-ABBF-0B289A26E807}.Release|x64.ActiveCfg = Release|Any CPU
		{81584733-D9C7-4D83-ABBF-0B289A26E807}.Release|x64.Build.0 = Release|Any CPU
		{81584733-D9C7-4D83-ABBF-0B289A26E807}.Release|x86.ActiveCfg = Release|Any CPU
		{81584733-D9C7-4D83-ABBF-0B289A26E807}.Release|x86.Build.0 = Release|Any CPU
		{E94B6815-2661-4C72-A7EE-051066009375}.Debug|Any CPU.ActiveCfg = Debug|Any CPU
		{E94B6815-2661-4C72-A7EE-051066009375}.Debug|Any CPU.Build.0 = Debug|Any CPU
		{E94B6815-2661-4C72-A7EE-051066009375}.Debug|x64.ActiveCfg = Debug|Any CPU
		{E94B6815-2661-4C72-A7EE-051066009375}.Debug|x64.Build.0 = Debug|Any CPU
		{E94B6815-2661-4C72-A7EE-051066009375}.Debug|x86.ActiveCfg = Debug|Any CPU
		{E94B6815-2661-4C72-A7EE-051066009375}.Debug|x86.Build.0 = Debug|Any CPU
		{E94B6815-2661-4C72-A7EE-051066009375}.DevEx|Any CPU.ActiveCfg = DevEx|Any CPU
		{E94B6815-2661-4C72-A7EE-051066009375}.DevEx|Any CPU.Build.0 = DevEx|Any CPU
		{E94B6815-2661-4C72-A7EE-051066009375}.DevEx|x64.ActiveCfg = DevEx|Any CPU
		{E94B6815-2661-4C72-A7EE-051066009375}.DevEx|x64.Build.0 = DevEx|Any CPU
		{E94B6815-2661-4C72-A7EE-051066009375}.DevEx|x86.ActiveCfg = DevEx|Any CPU
		{E94B6815-2661-4C72-A7EE-051066009375}.DevEx|x86.Build.0 = DevEx|Any CPU
		{E94B6815-2661-4C72-A7EE-051066009375}.Release|Any CPU.ActiveCfg = Release|Any CPU
		{E94B6815-2661-4C72-A7EE-051066009375}.Release|Any CPU.Build.0 = Release|Any CPU
		{E94B6815-2661-4C72-A7EE-051066009375}.Release|x64.ActiveCfg = Release|Any CPU
		{E94B6815-2661-4C72-A7EE-051066009375}.Release|x64.Build.0 = Release|Any CPU
		{E94B6815-2661-4C72-A7EE-051066009375}.Release|x86.ActiveCfg = Release|Any CPU
		{E94B6815-2661-4C72-A7EE-051066009375}.Release|x86.Build.0 = Release|Any CPU
		{71CBCF83-FE87-4D84-A20C-FD328855E445}.Debug|Any CPU.ActiveCfg = Debug|Any CPU
		{71CBCF83-FE87-4D84-A20C-FD328855E445}.Debug|Any CPU.Build.0 = Debug|Any CPU
		{71CBCF83-FE87-4D84-A20C-FD328855E445}.Debug|x64.ActiveCfg = Debug|Any CPU
		{71CBCF83-FE87-4D84-A20C-FD328855E445}.Debug|x64.Build.0 = Debug|Any CPU
		{71CBCF83-FE87-4D84-A20C-FD328855E445}.Debug|x86.ActiveCfg = Debug|Any CPU
		{71CBCF83-FE87-4D84-A20C-FD328855E445}.Debug|x86.Build.0 = Debug|Any CPU
		{71CBCF83-FE87-4D84-A20C-FD328855E445}.DevEx|Any CPU.ActiveCfg = Debug|Any CPU
		{71CBCF83-FE87-4D84-A20C-FD328855E445}.DevEx|Any CPU.Build.0 = Debug|Any CPU
		{71CBCF83-FE87-4D84-A20C-FD328855E445}.DevEx|x64.ActiveCfg = Debug|Any CPU
		{71CBCF83-FE87-4D84-A20C-FD328855E445}.DevEx|x64.Build.0 = Debug|Any CPU
		{71CBCF83-FE87-4D84-A20C-FD328855E445}.DevEx|x86.ActiveCfg = Debug|Any CPU
		{71CBCF83-FE87-4D84-A20C-FD328855E445}.DevEx|x86.Build.0 = Debug|Any CPU
		{71CBCF83-FE87-4D84-A20C-FD328855E445}.Release|Any CPU.ActiveCfg = Release|Any CPU
		{71CBCF83-FE87-4D84-A20C-FD328855E445}.Release|Any CPU.Build.0 = Release|Any CPU
		{71CBCF83-FE87-4D84-A20C-FD328855E445}.Release|x64.ActiveCfg = Release|Any CPU
		{71CBCF83-FE87-4D84-A20C-FD328855E445}.Release|x64.Build.0 = Release|Any CPU
		{71CBCF83-FE87-4D84-A20C-FD328855E445}.Release|x86.ActiveCfg = Release|Any CPU
		{71CBCF83-FE87-4D84-A20C-FD328855E445}.Release|x86.Build.0 = Release|Any CPU
		{106573F6-F9C1-41B7-8F02-40E76F177C24}.Debug|Any CPU.ActiveCfg = Debug|Any CPU
		{106573F6-F9C1-41B7-8F02-40E76F177C24}.Debug|Any CPU.Build.0 = Debug|Any CPU
		{106573F6-F9C1-41B7-8F02-40E76F177C24}.Debug|x64.ActiveCfg = Debug|Any CPU
		{106573F6-F9C1-41B7-8F02-40E76F177C24}.Debug|x64.Build.0 = Debug|Any CPU
		{106573F6-F9C1-41B7-8F02-40E76F177C24}.Debug|x86.ActiveCfg = Debug|Any CPU
		{106573F6-F9C1-41B7-8F02-40E76F177C24}.Debug|x86.Build.0 = Debug|Any CPU
		{106573F6-F9C1-41B7-8F02-40E76F177C24}.DevEx|Any CPU.ActiveCfg = Debug|Any CPU
		{106573F6-F9C1-41B7-8F02-40E76F177C24}.DevEx|Any CPU.Build.0 = Debug|Any CPU
		{106573F6-F9C1-41B7-8F02-40E76F177C24}.DevEx|x64.ActiveCfg = Debug|Any CPU
		{106573F6-F9C1-41B7-8F02-40E76F177C24}.DevEx|x64.Build.0 = Debug|Any CPU
		{106573F6-F9C1-41B7-8F02-40E76F177C24}.DevEx|x86.ActiveCfg = Debug|Any CPU
		{106573F6-F9C1-41B7-8F02-40E76F177C24}.DevEx|x86.Build.0 = Debug|Any CPU
		{106573F6-F9C1-41B7-8F02-40E76F177C24}.Release|Any CPU.ActiveCfg = Release|Any CPU
		{106573F6-F9C1-41B7-8F02-40E76F177C24}.Release|Any CPU.Build.0 = Release|Any CPU
		{106573F6-F9C1-41B7-8F02-40E76F177C24}.Release|x64.ActiveCfg = Release|Any CPU
		{106573F6-F9C1-41B7-8F02-40E76F177C24}.Release|x64.Build.0 = Release|Any CPU
		{106573F6-F9C1-41B7-8F02-40E76F177C24}.Release|x86.ActiveCfg = Release|Any CPU
		{106573F6-F9C1-41B7-8F02-40E76F177C24}.Release|x86.Build.0 = Release|Any CPU
		{6E38A2CF-B93F-4CD5-9CAC-DE121998FF18}.Debug|Any CPU.ActiveCfg = Debug|Any CPU
		{6E38A2CF-B93F-4CD5-9CAC-DE121998FF18}.Debug|Any CPU.Build.0 = Debug|Any CPU
		{6E38A2CF-B93F-4CD5-9CAC-DE121998FF18}.Debug|x64.ActiveCfg = Debug|Any CPU
		{6E38A2CF-B93F-4CD5-9CAC-DE121998FF18}.Debug|x64.Build.0 = Debug|Any CPU
		{6E38A2CF-B93F-4CD5-9CAC-DE121998FF18}.Debug|x86.ActiveCfg = Debug|Any CPU
		{6E38A2CF-B93F-4CD5-9CAC-DE121998FF18}.Debug|x86.Build.0 = Debug|Any CPU
		{6E38A2CF-B93F-4CD5-9CAC-DE121998FF18}.DevEx|Any CPU.ActiveCfg = Debug|Any CPU
		{6E38A2CF-B93F-4CD5-9CAC-DE121998FF18}.DevEx|Any CPU.Build.0 = Debug|Any CPU
		{6E38A2CF-B93F-4CD5-9CAC-DE121998FF18}.DevEx|x64.ActiveCfg = Debug|Any CPU
		{6E38A2CF-B93F-4CD5-9CAC-DE121998FF18}.DevEx|x64.Build.0 = Debug|Any CPU
		{6E38A2CF-B93F-4CD5-9CAC-DE121998FF18}.DevEx|x86.ActiveCfg = Debug|Any CPU
		{6E38A2CF-B93F-4CD5-9CAC-DE121998FF18}.DevEx|x86.Build.0 = Debug|Any CPU
		{6E38A2CF-B93F-4CD5-9CAC-DE121998FF18}.Release|Any CPU.ActiveCfg = Release|Any CPU
		{6E38A2CF-B93F-4CD5-9CAC-DE121998FF18}.Release|Any CPU.Build.0 = Release|Any CPU
		{6E38A2CF-B93F-4CD5-9CAC-DE121998FF18}.Release|x64.ActiveCfg = Release|Any CPU
		{6E38A2CF-B93F-4CD5-9CAC-DE121998FF18}.Release|x64.Build.0 = Release|Any CPU
		{6E38A2CF-B93F-4CD5-9CAC-DE121998FF18}.Release|x86.ActiveCfg = Release|Any CPU
		{6E38A2CF-B93F-4CD5-9CAC-DE121998FF18}.Release|x86.Build.0 = Release|Any CPU
		{8411BF58-22E7-4174-AEE6-7332FE690906}.Debug|Any CPU.ActiveCfg = Debug|Any CPU
		{8411BF58-22E7-4174-AEE6-7332FE690906}.Debug|Any CPU.Build.0 = Debug|Any CPU
		{8411BF58-22E7-4174-AEE6-7332FE690906}.Debug|x64.ActiveCfg = Debug|Any CPU
		{8411BF58-22E7-4174-AEE6-7332FE690906}.Debug|x64.Build.0 = Debug|Any CPU
		{8411BF58-22E7-4174-AEE6-7332FE690906}.Debug|x86.ActiveCfg = Debug|Any CPU
		{8411BF58-22E7-4174-AEE6-7332FE690906}.Debug|x86.Build.0 = Debug|Any CPU
		{8411BF58-22E7-4174-AEE6-7332FE690906}.DevEx|Any CPU.ActiveCfg = Debug|Any CPU
		{8411BF58-22E7-4174-AEE6-7332FE690906}.DevEx|Any CPU.Build.0 = Debug|Any CPU
		{8411BF58-22E7-4174-AEE6-7332FE690906}.DevEx|x64.ActiveCfg = Debug|Any CPU
		{8411BF58-22E7-4174-AEE6-7332FE690906}.DevEx|x64.Build.0 = Debug|Any CPU
		{8411BF58-22E7-4174-AEE6-7332FE690906}.DevEx|x86.ActiveCfg = Debug|Any CPU
		{8411BF58-22E7-4174-AEE6-7332FE690906}.DevEx|x86.Build.0 = Debug|Any CPU
		{8411BF58-22E7-4174-AEE6-7332FE690906}.Release|Any CPU.ActiveCfg = Release|Any CPU
		{8411BF58-22E7-4174-AEE6-7332FE690906}.Release|Any CPU.Build.0 = Release|Any CPU
		{8411BF58-22E7-4174-AEE6-7332FE690906}.Release|x64.ActiveCfg = Release|Any CPU
		{8411BF58-22E7-4174-AEE6-7332FE690906}.Release|x64.Build.0 = Release|Any CPU
		{8411BF58-22E7-4174-AEE6-7332FE690906}.Release|x86.ActiveCfg = Release|Any CPU
		{8411BF58-22E7-4174-AEE6-7332FE690906}.Release|x86.Build.0 = Release|Any CPU
		{A9513460-EE7A-455F-A823-5005DB6BA8FC}.Debug|Any CPU.ActiveCfg = Debug|Any CPU
		{A9513460-EE7A-455F-A823-5005DB6BA8FC}.Debug|Any CPU.Build.0 = Debug|Any CPU
		{A9513460-EE7A-455F-A823-5005DB6BA8FC}.Debug|x64.ActiveCfg = Debug|Any CPU
		{A9513460-EE7A-455F-A823-5005DB6BA8FC}.Debug|x64.Build.0 = Debug|Any CPU
		{A9513460-EE7A-455F-A823-5005DB6BA8FC}.Debug|x86.ActiveCfg = Debug|Any CPU
		{A9513460-EE7A-455F-A823-5005DB6BA8FC}.Debug|x86.Build.0 = Debug|Any CPU
		{A9513460-EE7A-455F-A823-5005DB6BA8FC}.DevEx|Any CPU.ActiveCfg = Debug|Any CPU
		{A9513460-EE7A-455F-A823-5005DB6BA8FC}.DevEx|Any CPU.Build.0 = Debug|Any CPU
		{A9513460-EE7A-455F-A823-5005DB6BA8FC}.DevEx|x64.ActiveCfg = Debug|Any CPU
		{A9513460-EE7A-455F-A823-5005DB6BA8FC}.DevEx|x64.Build.0 = Debug|Any CPU
		{A9513460-EE7A-455F-A823-5005DB6BA8FC}.DevEx|x86.ActiveCfg = Debug|Any CPU
		{A9513460-EE7A-455F-A823-5005DB6BA8FC}.DevEx|x86.Build.0 = Debug|Any CPU
		{A9513460-EE7A-455F-A823-5005DB6BA8FC}.Release|Any CPU.ActiveCfg = Release|Any CPU
		{A9513460-EE7A-455F-A823-5005DB6BA8FC}.Release|Any CPU.Build.0 = Release|Any CPU
		{A9513460-EE7A-455F-A823-5005DB6BA8FC}.Release|x64.ActiveCfg = Release|Any CPU
		{A9513460-EE7A-455F-A823-5005DB6BA8FC}.Release|x64.Build.0 = Release|Any CPU
		{A9513460-EE7A-455F-A823-5005DB6BA8FC}.Release|x86.ActiveCfg = Release|Any CPU
		{A9513460-EE7A-455F-A823-5005DB6BA8FC}.Release|x86.Build.0 = Release|Any CPU
		{84EBA886-FAD6-4167-9857-36BA1B394EBB}.Debug|Any CPU.ActiveCfg = Debug|Any CPU
		{84EBA886-FAD6-4167-9857-36BA1B394EBB}.Debug|Any CPU.Build.0 = Debug|Any CPU
		{84EBA886-FAD6-4167-9857-36BA1B394EBB}.Debug|x64.ActiveCfg = Debug|Any CPU
		{84EBA886-FAD6-4167-9857-36BA1B394EBB}.Debug|x64.Build.0 = Debug|Any CPU
		{84EBA886-FAD6-4167-9857-36BA1B394EBB}.Debug|x86.ActiveCfg = Debug|Any CPU
		{84EBA886-FAD6-4167-9857-36BA1B394EBB}.Debug|x86.Build.0 = Debug|Any CPU
		{84EBA886-FAD6-4167-9857-36BA1B394EBB}.DevEx|Any CPU.ActiveCfg = Debug|Any CPU
		{84EBA886-FAD6-4167-9857-36BA1B394EBB}.DevEx|Any CPU.Build.0 = Debug|Any CPU
		{84EBA886-FAD6-4167-9857-36BA1B394EBB}.DevEx|x64.ActiveCfg = Debug|Any CPU
		{84EBA886-FAD6-4167-9857-36BA1B394EBB}.DevEx|x64.Build.0 = Debug|Any CPU
		{84EBA886-FAD6-4167-9857-36BA1B394EBB}.DevEx|x86.ActiveCfg = Debug|Any CPU
		{84EBA886-FAD6-4167-9857-36BA1B394EBB}.DevEx|x86.Build.0 = Debug|Any CPU
		{84EBA886-FAD6-4167-9857-36BA1B394EBB}.Release|Any CPU.ActiveCfg = Release|Any CPU
		{84EBA886-FAD6-4167-9857-36BA1B394EBB}.Release|Any CPU.Build.0 = Release|Any CPU
		{84EBA886-FAD6-4167-9857-36BA1B394EBB}.Release|x64.ActiveCfg = Release|Any CPU
		{84EBA886-FAD6-4167-9857-36BA1B394EBB}.Release|x64.Build.0 = Release|Any CPU
		{84EBA886-FAD6-4167-9857-36BA1B394EBB}.Release|x86.ActiveCfg = Release|Any CPU
		{84EBA886-FAD6-4167-9857-36BA1B394EBB}.Release|x86.Build.0 = Release|Any CPU
		{33153A15-DFDD-4BD4-BB9A-6347DD94A658}.Debug|Any CPU.ActiveCfg = Debug|Any CPU
		{33153A15-DFDD-4BD4-BB9A-6347DD94A658}.Debug|Any CPU.Build.0 = Debug|Any CPU
		{33153A15-DFDD-4BD4-BB9A-6347DD94A658}.Debug|x64.ActiveCfg = Debug|Any CPU
		{33153A15-DFDD-4BD4-BB9A-6347DD94A658}.Debug|x64.Build.0 = Debug|Any CPU
		{33153A15-DFDD-4BD4-BB9A-6347DD94A658}.Debug|x86.ActiveCfg = Debug|Any CPU
		{33153A15-DFDD-4BD4-BB9A-6347DD94A658}.Debug|x86.Build.0 = Debug|Any CPU
		{33153A15-DFDD-4BD4-BB9A-6347DD94A658}.DevEx|Any CPU.ActiveCfg = Debug|Any CPU
		{33153A15-DFDD-4BD4-BB9A-6347DD94A658}.DevEx|Any CPU.Build.0 = Debug|Any CPU
		{33153A15-DFDD-4BD4-BB9A-6347DD94A658}.DevEx|x64.ActiveCfg = Debug|Any CPU
		{33153A15-DFDD-4BD4-BB9A-6347DD94A658}.DevEx|x64.Build.0 = Debug|Any CPU
		{33153A15-DFDD-4BD4-BB9A-6347DD94A658}.DevEx|x86.ActiveCfg = Debug|Any CPU
		{33153A15-DFDD-4BD4-BB9A-6347DD94A658}.DevEx|x86.Build.0 = Debug|Any CPU
		{33153A15-DFDD-4BD4-BB9A-6347DD94A658}.Release|Any CPU.ActiveCfg = Release|Any CPU
		{33153A15-DFDD-4BD4-BB9A-6347DD94A658}.Release|Any CPU.Build.0 = Release|Any CPU
		{33153A15-DFDD-4BD4-BB9A-6347DD94A658}.Release|x64.ActiveCfg = Release|Any CPU
		{33153A15-DFDD-4BD4-BB9A-6347DD94A658}.Release|x64.Build.0 = Release|Any CPU
		{33153A15-DFDD-4BD4-BB9A-6347DD94A658}.Release|x86.ActiveCfg = Release|Any CPU
		{33153A15-DFDD-4BD4-BB9A-6347DD94A658}.Release|x86.Build.0 = Release|Any CPU
		{6502EAB1-7BC3-4831-B93A-56E71DAACEF9}.Debug|Any CPU.ActiveCfg = Debug|Any CPU
		{6502EAB1-7BC3-4831-B93A-56E71DAACEF9}.Debug|Any CPU.Build.0 = Debug|Any CPU
		{6502EAB1-7BC3-4831-B93A-56E71DAACEF9}.Debug|x64.ActiveCfg = Debug|Any CPU
		{6502EAB1-7BC3-4831-B93A-56E71DAACEF9}.Debug|x64.Build.0 = Debug|Any CPU
		{6502EAB1-7BC3-4831-B93A-56E71DAACEF9}.Debug|x86.ActiveCfg = Debug|Any CPU
		{6502EAB1-7BC3-4831-B93A-56E71DAACEF9}.Debug|x86.Build.0 = Debug|Any CPU
		{6502EAB1-7BC3-4831-B93A-56E71DAACEF9}.DevEx|Any CPU.ActiveCfg = Debug|Any CPU
		{6502EAB1-7BC3-4831-B93A-56E71DAACEF9}.DevEx|Any CPU.Build.0 = Debug|Any CPU
		{6502EAB1-7BC3-4831-B93A-56E71DAACEF9}.DevEx|x64.ActiveCfg = Debug|Any CPU
		{6502EAB1-7BC3-4831-B93A-56E71DAACEF9}.DevEx|x64.Build.0 = Debug|Any CPU
		{6502EAB1-7BC3-4831-B93A-56E71DAACEF9}.DevEx|x86.ActiveCfg = Debug|Any CPU
		{6502EAB1-7BC3-4831-B93A-56E71DAACEF9}.DevEx|x86.Build.0 = Debug|Any CPU
		{6502EAB1-7BC3-4831-B93A-56E71DAACEF9}.Release|Any CPU.ActiveCfg = Release|Any CPU
		{6502EAB1-7BC3-4831-B93A-56E71DAACEF9}.Release|Any CPU.Build.0 = Release|Any CPU
		{6502EAB1-7BC3-4831-B93A-56E71DAACEF9}.Release|x64.ActiveCfg = Release|Any CPU
		{6502EAB1-7BC3-4831-B93A-56E71DAACEF9}.Release|x64.Build.0 = Release|Any CPU
		{6502EAB1-7BC3-4831-B93A-56E71DAACEF9}.Release|x86.ActiveCfg = Release|Any CPU
		{6502EAB1-7BC3-4831-B93A-56E71DAACEF9}.Release|x86.Build.0 = Release|Any CPU
		{B925884A-4047-44F8-AD26-8EB3F99698F4}.Debug|Any CPU.ActiveCfg = Debug|Any CPU
		{B925884A-4047-44F8-AD26-8EB3F99698F4}.Debug|Any CPU.Build.0 = Debug|Any CPU
		{B925884A-4047-44F8-AD26-8EB3F99698F4}.Debug|x64.ActiveCfg = Debug|Any CPU
		{B925884A-4047-44F8-AD26-8EB3F99698F4}.Debug|x64.Build.0 = Debug|Any CPU
		{B925884A-4047-44F8-AD26-8EB3F99698F4}.Debug|x86.ActiveCfg = Debug|Any CPU
		{B925884A-4047-44F8-AD26-8EB3F99698F4}.Debug|x86.Build.0 = Debug|Any CPU
		{B925884A-4047-44F8-AD26-8EB3F99698F4}.DevEx|Any CPU.ActiveCfg = Debug|Any CPU
		{B925884A-4047-44F8-AD26-8EB3F99698F4}.DevEx|Any CPU.Build.0 = Debug|Any CPU
		{B925884A-4047-44F8-AD26-8EB3F99698F4}.DevEx|x64.ActiveCfg = Debug|Any CPU
		{B925884A-4047-44F8-AD26-8EB3F99698F4}.DevEx|x64.Build.0 = Debug|Any CPU
		{B925884A-4047-44F8-AD26-8EB3F99698F4}.DevEx|x86.ActiveCfg = Debug|Any CPU
		{B925884A-4047-44F8-AD26-8EB3F99698F4}.DevEx|x86.Build.0 = Debug|Any CPU
		{B925884A-4047-44F8-AD26-8EB3F99698F4}.Release|Any CPU.ActiveCfg = Release|Any CPU
		{B925884A-4047-44F8-AD26-8EB3F99698F4}.Release|Any CPU.Build.0 = Release|Any CPU
		{B925884A-4047-44F8-AD26-8EB3F99698F4}.Release|x64.ActiveCfg = Release|Any CPU
		{B925884A-4047-44F8-AD26-8EB3F99698F4}.Release|x64.Build.0 = Release|Any CPU
		{B925884A-4047-44F8-AD26-8EB3F99698F4}.Release|x86.ActiveCfg = Release|Any CPU
		{B925884A-4047-44F8-AD26-8EB3F99698F4}.Release|x86.Build.0 = Release|Any CPU
		{E3DF93DC-A92C-4B1D-AB06-7BB175B0A0B7}.Debug|Any CPU.ActiveCfg = Debug|Any CPU
		{E3DF93DC-A92C-4B1D-AB06-7BB175B0A0B7}.Debug|Any CPU.Build.0 = Debug|Any CPU
		{E3DF93DC-A92C-4B1D-AB06-7BB175B0A0B7}.Debug|x64.ActiveCfg = Debug|Any CPU
		{E3DF93DC-A92C-4B1D-AB06-7BB175B0A0B7}.Debug|x64.Build.0 = Debug|Any CPU
		{E3DF93DC-A92C-4B1D-AB06-7BB175B0A0B7}.Debug|x86.ActiveCfg = Debug|Any CPU
		{E3DF93DC-A92C-4B1D-AB06-7BB175B0A0B7}.Debug|x86.Build.0 = Debug|Any CPU
		{E3DF93DC-A92C-4B1D-AB06-7BB175B0A0B7}.DevEx|Any CPU.ActiveCfg = Debug|Any CPU
		{E3DF93DC-A92C-4B1D-AB06-7BB175B0A0B7}.DevEx|Any CPU.Build.0 = Debug|Any CPU
		{E3DF93DC-A92C-4B1D-AB06-7BB175B0A0B7}.DevEx|x64.ActiveCfg = Debug|Any CPU
		{E3DF93DC-A92C-4B1D-AB06-7BB175B0A0B7}.DevEx|x64.Build.0 = Debug|Any CPU
		{E3DF93DC-A92C-4B1D-AB06-7BB175B0A0B7}.DevEx|x86.ActiveCfg = Debug|Any CPU
		{E3DF93DC-A92C-4B1D-AB06-7BB175B0A0B7}.DevEx|x86.Build.0 = Debug|Any CPU
		{E3DF93DC-A92C-4B1D-AB06-7BB175B0A0B7}.Release|Any CPU.ActiveCfg = Release|Any CPU
		{E3DF93DC-A92C-4B1D-AB06-7BB175B0A0B7}.Release|Any CPU.Build.0 = Release|Any CPU
		{E3DF93DC-A92C-4B1D-AB06-7BB175B0A0B7}.Release|x64.ActiveCfg = Release|Any CPU
		{E3DF93DC-A92C-4B1D-AB06-7BB175B0A0B7}.Release|x64.Build.0 = Release|Any CPU
		{E3DF93DC-A92C-4B1D-AB06-7BB175B0A0B7}.Release|x86.ActiveCfg = Release|Any CPU
		{E3DF93DC-A92C-4B1D-AB06-7BB175B0A0B7}.Release|x86.Build.0 = Release|Any CPU
		{4A0DBDF4-EC22-401A-974E-2EE74D2648C6}.Debug|Any CPU.ActiveCfg = Debug|Any CPU
		{4A0DBDF4-EC22-401A-974E-2EE74D2648C6}.Debug|Any CPU.Build.0 = Debug|Any CPU
		{4A0DBDF4-EC22-401A-974E-2EE74D2648C6}.Debug|x64.ActiveCfg = Debug|Any CPU
		{4A0DBDF4-EC22-401A-974E-2EE74D2648C6}.Debug|x64.Build.0 = Debug|Any CPU
		{4A0DBDF4-EC22-401A-974E-2EE74D2648C6}.Debug|x86.ActiveCfg = Debug|Any CPU
		{4A0DBDF4-EC22-401A-974E-2EE74D2648C6}.Debug|x86.Build.0 = Debug|Any CPU
		{4A0DBDF4-EC22-401A-974E-2EE74D2648C6}.DevEx|Any CPU.ActiveCfg = Debug|Any CPU
		{4A0DBDF4-EC22-401A-974E-2EE74D2648C6}.DevEx|Any CPU.Build.0 = Debug|Any CPU
		{4A0DBDF4-EC22-401A-974E-2EE74D2648C6}.DevEx|x64.ActiveCfg = Debug|Any CPU
		{4A0DBDF4-EC22-401A-974E-2EE74D2648C6}.DevEx|x64.Build.0 = Debug|Any CPU
		{4A0DBDF4-EC22-401A-974E-2EE74D2648C6}.DevEx|x86.ActiveCfg = Debug|Any CPU
		{4A0DBDF4-EC22-401A-974E-2EE74D2648C6}.DevEx|x86.Build.0 = Debug|Any CPU
		{4A0DBDF4-EC22-401A-974E-2EE74D2648C6}.Release|Any CPU.ActiveCfg = Release|Any CPU
		{4A0DBDF4-EC22-401A-974E-2EE74D2648C6}.Release|Any CPU.Build.0 = Release|Any CPU
		{4A0DBDF4-EC22-401A-974E-2EE74D2648C6}.Release|x64.ActiveCfg = Release|Any CPU
		{4A0DBDF4-EC22-401A-974E-2EE74D2648C6}.Release|x64.Build.0 = Release|Any CPU
		{4A0DBDF4-EC22-401A-974E-2EE74D2648C6}.Release|x86.ActiveCfg = Release|Any CPU
		{4A0DBDF4-EC22-401A-974E-2EE74D2648C6}.Release|x86.Build.0 = Release|Any CPU
		{8DBD6B71-1863-417A-8569-269300733496}.Debug|Any CPU.ActiveCfg = Debug|Any CPU
		{8DBD6B71-1863-417A-8569-269300733496}.Debug|Any CPU.Build.0 = Debug|Any CPU
		{8DBD6B71-1863-417A-8569-269300733496}.Debug|x64.ActiveCfg = Debug|Any CPU
		{8DBD6B71-1863-417A-8569-269300733496}.Debug|x64.Build.0 = Debug|Any CPU
		{8DBD6B71-1863-417A-8569-269300733496}.Debug|x86.ActiveCfg = Debug|Any CPU
		{8DBD6B71-1863-417A-8569-269300733496}.Debug|x86.Build.0 = Debug|Any CPU
		{8DBD6B71-1863-417A-8569-269300733496}.DevEx|Any CPU.ActiveCfg = Debug|Any CPU
		{8DBD6B71-1863-417A-8569-269300733496}.DevEx|Any CPU.Build.0 = Debug|Any CPU
		{8DBD6B71-1863-417A-8569-269300733496}.DevEx|x64.ActiveCfg = Debug|Any CPU
		{8DBD6B71-1863-417A-8569-269300733496}.DevEx|x64.Build.0 = Debug|Any CPU
		{8DBD6B71-1863-417A-8569-269300733496}.DevEx|x86.ActiveCfg = Debug|Any CPU
		{8DBD6B71-1863-417A-8569-269300733496}.DevEx|x86.Build.0 = Debug|Any CPU
		{8DBD6B71-1863-417A-8569-269300733496}.Release|Any CPU.ActiveCfg = Release|Any CPU
		{8DBD6B71-1863-417A-8569-269300733496}.Release|Any CPU.Build.0 = Release|Any CPU
		{8DBD6B71-1863-417A-8569-269300733496}.Release|x64.ActiveCfg = Release|Any CPU
		{8DBD6B71-1863-417A-8569-269300733496}.Release|x64.Build.0 = Release|Any CPU
		{8DBD6B71-1863-417A-8569-269300733496}.Release|x86.ActiveCfg = Release|Any CPU
		{8DBD6B71-1863-417A-8569-269300733496}.Release|x86.Build.0 = Release|Any CPU
		{490D20B6-FC0C-4459-8412-17777DB95931}.Debug|Any CPU.ActiveCfg = Debug|Any CPU
		{490D20B6-FC0C-4459-8412-17777DB95931}.Debug|Any CPU.Build.0 = Debug|Any CPU
		{490D20B6-FC0C-4459-8412-17777DB95931}.Debug|x64.ActiveCfg = Debug|Any CPU
		{490D20B6-FC0C-4459-8412-17777DB95931}.Debug|x64.Build.0 = Debug|Any CPU
		{490D20B6-FC0C-4459-8412-17777DB95931}.Debug|x86.ActiveCfg = Debug|Any CPU
		{490D20B6-FC0C-4459-8412-17777DB95931}.Debug|x86.Build.0 = Debug|Any CPU
		{490D20B6-FC0C-4459-8412-17777DB95931}.DevEx|Any CPU.ActiveCfg = Debug|Any CPU
		{490D20B6-FC0C-4459-8412-17777DB95931}.DevEx|Any CPU.Build.0 = Debug|Any CPU
		{490D20B6-FC0C-4459-8412-17777DB95931}.DevEx|x64.ActiveCfg = Debug|Any CPU
		{490D20B6-FC0C-4459-8412-17777DB95931}.DevEx|x64.Build.0 = Debug|Any CPU
		{490D20B6-FC0C-4459-8412-17777DB95931}.DevEx|x86.ActiveCfg = Debug|Any CPU
		{490D20B6-FC0C-4459-8412-17777DB95931}.DevEx|x86.Build.0 = Debug|Any CPU
		{490D20B6-FC0C-4459-8412-17777DB95931}.Release|Any CPU.ActiveCfg = Release|Any CPU
		{490D20B6-FC0C-4459-8412-17777DB95931}.Release|Any CPU.Build.0 = Release|Any CPU
		{490D20B6-FC0C-4459-8412-17777DB95931}.Release|x64.ActiveCfg = Release|Any CPU
		{490D20B6-FC0C-4459-8412-17777DB95931}.Release|x64.Build.0 = Release|Any CPU
		{490D20B6-FC0C-4459-8412-17777DB95931}.Release|x86.ActiveCfg = Release|Any CPU
		{490D20B6-FC0C-4459-8412-17777DB95931}.Release|x86.Build.0 = Release|Any CPU
		{162C0F4B-A1D9-4132-BC34-31F1247BC26B}.Debug|Any CPU.ActiveCfg = Debug|Any CPU
		{162C0F4B-A1D9-4132-BC34-31F1247BC26B}.Debug|Any CPU.Build.0 = Debug|Any CPU
		{162C0F4B-A1D9-4132-BC34-31F1247BC26B}.Debug|x64.ActiveCfg = Debug|Any CPU
		{162C0F4B-A1D9-4132-BC34-31F1247BC26B}.Debug|x64.Build.0 = Debug|Any CPU
		{162C0F4B-A1D9-4132-BC34-31F1247BC26B}.Debug|x86.ActiveCfg = Debug|Any CPU
		{162C0F4B-A1D9-4132-BC34-31F1247BC26B}.Debug|x86.Build.0 = Debug|Any CPU
		{162C0F4B-A1D9-4132-BC34-31F1247BC26B}.DevEx|Any CPU.ActiveCfg = Debug|Any CPU
		{162C0F4B-A1D9-4132-BC34-31F1247BC26B}.DevEx|Any CPU.Build.0 = Debug|Any CPU
		{162C0F4B-A1D9-4132-BC34-31F1247BC26B}.DevEx|x64.ActiveCfg = Debug|Any CPU
		{162C0F4B-A1D9-4132-BC34-31F1247BC26B}.DevEx|x64.Build.0 = Debug|Any CPU
		{162C0F4B-A1D9-4132-BC34-31F1247BC26B}.DevEx|x86.ActiveCfg = Debug|Any CPU
		{162C0F4B-A1D9-4132-BC34-31F1247BC26B}.DevEx|x86.Build.0 = Debug|Any CPU
		{162C0F4B-A1D9-4132-BC34-31F1247BC26B}.Release|Any CPU.ActiveCfg = Release|Any CPU
		{162C0F4B-A1D9-4132-BC34-31F1247BC26B}.Release|Any CPU.Build.0 = Release|Any CPU
		{162C0F4B-A1D9-4132-BC34-31F1247BC26B}.Release|x64.ActiveCfg = Release|Any CPU
		{162C0F4B-A1D9-4132-BC34-31F1247BC26B}.Release|x64.Build.0 = Release|Any CPU
		{162C0F4B-A1D9-4132-BC34-31F1247BC26B}.Release|x86.ActiveCfg = Release|Any CPU
		{162C0F4B-A1D9-4132-BC34-31F1247BC26B}.Release|x86.Build.0 = Release|Any CPU
		{DE91C36D-3999-47B6-A0BD-848C8EBA2A76}.Debug|Any CPU.ActiveCfg = Debug|Any CPU
		{DE91C36D-3999-47B6-A0BD-848C8EBA2A76}.Debug|Any CPU.Build.0 = Debug|Any CPU
		{DE91C36D-3999-47B6-A0BD-848C8EBA2A76}.Debug|x64.ActiveCfg = Debug|Any CPU
		{DE91C36D-3999-47B6-A0BD-848C8EBA2A76}.Debug|x64.Build.0 = Debug|Any CPU
		{DE91C36D-3999-47B6-A0BD-848C8EBA2A76}.Debug|x86.ActiveCfg = Debug|Any CPU
		{DE91C36D-3999-47B6-A0BD-848C8EBA2A76}.Debug|x86.Build.0 = Debug|Any CPU
		{DE91C36D-3999-47B6-A0BD-848C8EBA2A76}.DevEx|Any CPU.ActiveCfg = Debug|Any CPU
		{DE91C36D-3999-47B6-A0BD-848C8EBA2A76}.DevEx|Any CPU.Build.0 = Debug|Any CPU
		{DE91C36D-3999-47B6-A0BD-848C8EBA2A76}.DevEx|x64.ActiveCfg = Debug|Any CPU
		{DE91C36D-3999-47B6-A0BD-848C8EBA2A76}.DevEx|x64.Build.0 = Debug|Any CPU
		{DE91C36D-3999-47B6-A0BD-848C8EBA2A76}.DevEx|x86.ActiveCfg = Debug|Any CPU
		{DE91C36D-3999-47B6-A0BD-848C8EBA2A76}.DevEx|x86.Build.0 = Debug|Any CPU
		{DE91C36D-3999-47B6-A0BD-848C8EBA2A76}.Release|Any CPU.ActiveCfg = Release|Any CPU
		{DE91C36D-3999-47B6-A0BD-848C8EBA2A76}.Release|Any CPU.Build.0 = Release|Any CPU
		{DE91C36D-3999-47B6-A0BD-848C8EBA2A76}.Release|x64.ActiveCfg = Release|Any CPU
		{DE91C36D-3999-47B6-A0BD-848C8EBA2A76}.Release|x64.Build.0 = Release|Any CPU
		{DE91C36D-3999-47B6-A0BD-848C8EBA2A76}.Release|x86.ActiveCfg = Release|Any CPU
		{DE91C36D-3999-47B6-A0BD-848C8EBA2A76}.Release|x86.Build.0 = Release|Any CPU
		{3D32DA34-E619-429F-8421-848FF4F14417}.Debug|Any CPU.ActiveCfg = Debug|Any CPU
		{3D32DA34-E619-429F-8421-848FF4F14417}.Debug|Any CPU.Build.0 = Debug|Any CPU
		{3D32DA34-E619-429F-8421-848FF4F14417}.Debug|x64.ActiveCfg = Debug|Any CPU
		{3D32DA34-E619-429F-8421-848FF4F14417}.Debug|x64.Build.0 = Debug|Any CPU
		{3D32DA34-E619-429F-8421-848FF4F14417}.Debug|x86.ActiveCfg = Debug|Any CPU
		{3D32DA34-E619-429F-8421-848FF4F14417}.Debug|x86.Build.0 = Debug|Any CPU
		{3D32DA34-E619-429F-8421-848FF4F14417}.DevEx|Any CPU.ActiveCfg = Debug|Any CPU
		{3D32DA34-E619-429F-8421-848FF4F14417}.DevEx|Any CPU.Build.0 = Debug|Any CPU
		{3D32DA34-E619-429F-8421-848FF4F14417}.DevEx|x64.ActiveCfg = Debug|Any CPU
		{3D32DA34-E619-429F-8421-848FF4F14417}.DevEx|x64.Build.0 = Debug|Any CPU
		{3D32DA34-E619-429F-8421-848FF4F14417}.DevEx|x86.ActiveCfg = Debug|Any CPU
		{3D32DA34-E619-429F-8421-848FF4F14417}.DevEx|x86.Build.0 = Debug|Any CPU
		{3D32DA34-E619-429F-8421-848FF4F14417}.Release|Any CPU.ActiveCfg = Release|Any CPU
		{3D32DA34-E619-429F-8421-848FF4F14417}.Release|Any CPU.Build.0 = Release|Any CPU
		{3D32DA34-E619-429F-8421-848FF4F14417}.Release|x64.ActiveCfg = Release|Any CPU
		{3D32DA34-E619-429F-8421-848FF4F14417}.Release|x64.Build.0 = Release|Any CPU
		{3D32DA34-E619-429F-8421-848FF4F14417}.Release|x86.ActiveCfg = Release|Any CPU
		{3D32DA34-E619-429F-8421-848FF4F14417}.Release|x86.Build.0 = Release|Any CPU
		{0F29AB64-E2A9-4B32-96E9-291D47294A94}.Debug|Any CPU.ActiveCfg = Debug|Any CPU
		{0F29AB64-E2A9-4B32-96E9-291D47294A94}.Debug|Any CPU.Build.0 = Debug|Any CPU
		{0F29AB64-E2A9-4B32-96E9-291D47294A94}.Debug|x64.ActiveCfg = Debug|Any CPU
		{0F29AB64-E2A9-4B32-96E9-291D47294A94}.Debug|x64.Build.0 = Debug|Any CPU
		{0F29AB64-E2A9-4B32-96E9-291D47294A94}.Debug|x86.ActiveCfg = Debug|Any CPU
		{0F29AB64-E2A9-4B32-96E9-291D47294A94}.Debug|x86.Build.0 = Debug|Any CPU
		{0F29AB64-E2A9-4B32-96E9-291D47294A94}.DevEx|Any CPU.ActiveCfg = Debug|Any CPU
		{0F29AB64-E2A9-4B32-96E9-291D47294A94}.DevEx|Any CPU.Build.0 = Debug|Any CPU
		{0F29AB64-E2A9-4B32-96E9-291D47294A94}.DevEx|x64.ActiveCfg = Debug|Any CPU
		{0F29AB64-E2A9-4B32-96E9-291D47294A94}.DevEx|x64.Build.0 = Debug|Any CPU
		{0F29AB64-E2A9-4B32-96E9-291D47294A94}.DevEx|x86.ActiveCfg = Debug|Any CPU
		{0F29AB64-E2A9-4B32-96E9-291D47294A94}.DevEx|x86.Build.0 = Debug|Any CPU
		{0F29AB64-E2A9-4B32-96E9-291D47294A94}.Release|Any CPU.ActiveCfg = Release|Any CPU
		{0F29AB64-E2A9-4B32-96E9-291D47294A94}.Release|Any CPU.Build.0 = Release|Any CPU
		{0F29AB64-E2A9-4B32-96E9-291D47294A94}.Release|x64.ActiveCfg = Release|Any CPU
		{0F29AB64-E2A9-4B32-96E9-291D47294A94}.Release|x64.Build.0 = Release|Any CPU
		{0F29AB64-E2A9-4B32-96E9-291D47294A94}.Release|x86.ActiveCfg = Release|Any CPU
		{0F29AB64-E2A9-4B32-96E9-291D47294A94}.Release|x86.Build.0 = Release|Any CPU
	EndGlobalSection
	GlobalSection(SolutionProperties) = preSolution
		HideSolutionNode = FALSE
	EndGlobalSection
	GlobalSection(ExtensibilityGlobals) = postSolution
		SolutionGuid = {B4A2DD82-CCC1-4D74-88FF-91BBEBB5A47F}
	EndGlobalSection
EndGlobal
